// !$*UTF8*$!
{
	archiveVersion = 1;
	classes = {
	};
	objectVersion = 46;
	objects = {

/* Begin PBXBuildFile section */
		60BDE3431D95918600006DEF /* AppDelegate.swift in Sources */ = {isa = PBXBuildFile; fileRef = 60BDE3421D95918600006DEF /* AppDelegate.swift */; };
		60BDE3451D95918600006DEF /* ViewController.swift in Sources */ = {isa = PBXBuildFile; fileRef = 60BDE3441D95918600006DEF /* ViewController.swift */; };
		60BDE3481D95918600006DEF /* Main.storyboard in Resources */ = {isa = PBXBuildFile; fileRef = 60BDE3461D95918600006DEF /* Main.storyboard */; };
		60BDE34A1D95918600006DEF /* Assets.xcassets in Resources */ = {isa = PBXBuildFile; fileRef = 60BDE3491D95918600006DEF /* Assets.xcassets */; };
		60BDE34D1D95918600006DEF /* LaunchScreen.storyboard in Resources */ = {isa = PBXBuildFile; fileRef = 60BDE34B1D95918600006DEF /* LaunchScreen.storyboard */; };
		60BDE3551D9599CF00006DEF /* AKPickerView.swift in Sources */ = {isa = PBXBuildFile; fileRef = 60BDE3541D9599CF00006DEF /* AKPickerView.swift */; };
		60BDE3571D95C42400006DEF /* TipViewController.swift in Sources */ = {isa = PBXBuildFile; fileRef = 60BDE3561D95C42400006DEF /* TipViewController.swift */; };
/* End PBXBuildFile section */

/* Begin PBXFileReference section */
		60BDE33F1D95918600006DEF /* TipCalculator23.app */ = {isa = PBXFileReference; explicitFileType = wrapper.application; includeInIndex = 0; path = TipCalculator23.app; sourceTree = BUILT_PRODUCTS_DIR; };
		60BDE3421D95918600006DEF /* AppDelegate.swift */ = {isa = PBXFileReference; lastKnownFileType = sourcecode.swift; path = AppDelegate.swift; sourceTree = "<group>"; };
		60BDE3441D95918600006DEF /* ViewController.swift */ = {isa = PBXFileReference; lastKnownFileType = sourcecode.swift; path = ViewController.swift; sourceTree = "<group>"; };
		60BDE3471D95918600006DEF /* Base */ = {isa = PBXFileReference; lastKnownFileType = file.storyboard; name = Base; path = Base.lproj/Main.storyboard; sourceTree = "<group>"; };
		60BDE3491D95918600006DEF /* Assets.xcassets */ = {isa = PBXFileReference; lastKnownFileType = folder.assetcatalog; path = Assets.xcassets; sourceTree = "<group>"; };
		60BDE34C1D95918600006DEF /* Base */ = {isa = PBXFileReference; lastKnownFileType = file.storyboard; name = Base; path = Base.lproj/LaunchScreen.storyboard; sourceTree = "<group>"; };
		60BDE34E1D95918600006DEF /* Info.plist */ = {isa = PBXFileReference; lastKnownFileType = text.plist.xml; path = Info.plist; sourceTree = "<group>"; };
		60BDE3541D9599CF00006DEF /* AKPickerView.swift */ = {isa = PBXFileReference; fileEncoding = 4; lastKnownFileType = sourcecode.swift; path = AKPickerView.swift; sourceTree = "<group>"; };
		60BDE3561D95C42400006DEF /* TipViewController.swift */ = {isa = PBXFileReference; fileEncoding = 4; lastKnownFileType = sourcecode.swift; path = TipViewController.swift; sourceTree = "<group>"; };
/* End PBXFileReference section */

/* Begin PBXFrameworksBuildPhase section */
		60BDE33C1D95918600006DEF /* Frameworks */ = {
			isa = PBXFrameworksBuildPhase;
			buildActionMask = 2147483647;
			files = (
			);
			runOnlyForDeploymentPostprocessing = 0;
		};
/* End PBXFrameworksBuildPhase section */

/* Begin PBXGroup section */
		60BDE3361D95918600006DEF = {
			isa = PBXGroup;
			children = (
				60BDE3411D95918600006DEF /* TipCalculator23 */,
				60BDE3401D95918600006DEF /* Products */,
			);
			sourceTree = "<group>";
		};
		60BDE3401D95918600006DEF /* Products */ = {
			isa = PBXGroup;
			children = (
				60BDE33F1D95918600006DEF /* TipCalculator23.app */,
			);
			name = Products;
			sourceTree = "<group>";
		};
		60BDE3411D95918600006DEF /* TipCalculator23 */ = {
			isa = PBXGroup;
			children = (
				60BDE3541D9599CF00006DEF /* AKPickerView.swift */,
				60BDE3421D95918600006DEF /* AppDelegate.swift */,
				60BDE3441D95918600006DEF /* ViewController.swift */,
				60BDE3461D95918600006DEF /* Main.storyboard */,
				60BDE3491D95918600006DEF /* Assets.xcassets */,
				60BDE34B1D95918600006DEF /* LaunchScreen.storyboard */,
				60BDE34E1D95918600006DEF /* Info.plist */,
				60BDE3561D95C42400006DEF /* TipViewController.swift */,
			);
			path = TipCalculator23;
			sourceTree = "<group>";
		};
/* End PBXGroup section */

/* Begin PBXNativeTarget section */
		60BDE33E1D95918600006DEF /* TipCalculator23 */ = {
			isa = PBXNativeTarget;
			buildConfigurationList = 60BDE3511D95918600006DEF /* Build configuration list for PBXNativeTarget "TipCalculator23" */;
			buildPhases = (
				60BDE33B1D95918600006DEF /* Sources */,
				60BDE33C1D95918600006DEF /* Frameworks */,
				60BDE33D1D95918600006DEF /* Resources */,
			);
			buildRules = (
			);
			dependencies = (
			);
			name = TipCalculator23;
			productName = TipCalculator23;
			productReference = 60BDE33F1D95918600006DEF /* TipCalculator23.app */;
			productType = "com.apple.product-type.application";
		};
/* End PBXNativeTarget section */

/* Begin PBXProject section */
		60BDE3371D95918600006DEF /* Project object */ = {
			isa = PBXProject;
			attributes = {
				LastSwiftUpdateCheck = 0800;
				LastUpgradeCheck = 0800;
				ORGANIZATIONNAME = Chihiro;
				TargetAttributes = {
					60BDE33E1D95918600006DEF = {
						CreatedOnToolsVersion = 8.0;
						ProvisioningStyle = Automatic;
					};
				};
			};
			buildConfigurationList = 60BDE33A1D95918600006DEF /* Build configuration list for PBXProject "TipCalculator23" */;
			compatibilityVersion = "Xcode 3.2";
			developmentRegion = English;
			hasScannedForEncodings = 0;
			knownRegions = (
				en,
				Base,
			);
			mainGroup = 60BDE3361D95918600006DEF;
			productRefGroup = 60BDE3401D95918600006DEF /* Products */;
			projectDirPath = "";
			projectRoot = "";
			targets = (
				60BDE33E1D95918600006DEF /* TipCalculator23 */,
			);
		};
/* End PBXProject section */

/* Begin PBXResourcesBuildPhase section */
		60BDE33D1D95918600006DEF /* Resources */ = {
			isa = PBXResourcesBuildPhase;
			buildActionMask = 2147483647;
			files = (
				60BDE34D1D95918600006DEF /* LaunchScreen.storyboard in Resources */,
				60BDE34A1D95918600006DEF /* Assets.xcassets in Resources */,
				60BDE3481D95918600006DEF /* Main.storyboard in Resources */,
			);
			runOnlyForDeploymentPostprocessing = 0;
		};
/* End PBXResourcesBuildPhase section */

/* Begin PBXSourcesBuildPhase section */
		60BDE33B1D95918600006DEF /* Sources */ = {
			isa = PBXSourcesBuildPhase;
			buildActionMask = 2147483647;
			files = (
				60BDE3451D95918600006DEF /* ViewController.swift in Sources */,
				60BDE3431D95918600006DEF /* AppDelegate.swift in Sources */,
				60BDE3571D95C42400006DEF /* TipViewController.swift in Sources */,
				60BDE3551D9599CF00006DEF /* AKPickerView.swift in Sources */,
			);
			runOnlyForDeploymentPostprocessing = 0;
		};
/* End PBXSourcesBuildPhase section */

/* Begin PBXVariantGroup section */
		60BDE3461D95918600006DEF /* Main.storyboard */ = {
			isa = PBXVariantGroup;
			children = (
				60BDE3471D95918600006DEF /* Base */,
			);
			name = Main.storyboard;
			sourceTree = "<group>";
		};
		60BDE34B1D95918600006DEF /* LaunchScreen.storyboard */ = {
			isa = PBXVariantGroup;
			children = (
				60BDE34C1D95918600006DEF /* Base */,
			);
			name = LaunchScreen.storyboard;
			sourceTree = "<group>";
		};
/* End PBXVariantGroup section */

/* Begin XCBuildConfiguration section */
		60BDE34F1D95918600006DEF /* Debug */ = {
			isa = XCBuildConfiguration;
			buildSettings = {
				ALWAYS_SEARCH_USER_PATHS = NO;
				CLANG_ANALYZER_NONNULL = YES;
				CLANG_CXX_LANGUAGE_STANDARD = "gnu++0x";
				CLANG_CXX_LIBRARY = "libc++";
				CLANG_ENABLE_MODULES = YES;
				CLANG_ENABLE_OBJC_ARC = YES;
				CLANG_WARN_BOOL_CONVERSION = YES;
				CLANG_WARN_CONSTANT_CONVERSION = YES;
				CLANG_WARN_DIRECT_OBJC_ISA_USAGE = YES_ERROR;
				CLANG_WARN_DOCUMENTATION_COMMENTS = YES;
				CLANG_WARN_EMPTY_BODY = YES;
				CLANG_WARN_ENUM_CONVERSION = YES;
				CLANG_WARN_INFINITE_RECURSION = YES;
				CLANG_WARN_INT_CONVERSION = YES;
				CLANG_WARN_OBJC_ROOT_CLASS = YES_ERROR;
				CLANG_WARN_SUSPICIOUS_MOVES = YES;
				CLANG_WARN_UNREACHABLE_CODE = YES;
				CLANG_WARN__DUPLICATE_METHOD_MATCH = YES;
				"CODE_SIGN_IDENTITY[sdk=iphoneos*]" = "iPhone Developer";
				COPY_PHASE_STRIP = NO;
				DEBUG_INFORMATION_FORMAT = dwarf;
				ENABLE_STRICT_OBJC_MSGSEND = YES;
				ENABLE_TESTABILITY = YES;
				GCC_C_LANGUAGE_STANDARD = gnu99;
				GCC_DYNAMIC_NO_PIC = NO;
				GCC_NO_COMMON_BLOCKS = YES;
				GCC_OPTIMIZATION_LEVEL = 0;
				GCC_PREPROCESSOR_DEFINITIONS = (
					"DEBUG=1",
					"$(inherited)",
				);
				GCC_WARN_64_TO_32_BIT_CONVERSION = YES;
				GCC_WARN_ABOUT_RETURN_TYPE = YES_ERROR;
				GCC_WARN_UNDECLARED_SELECTOR = YES;
				GCC_WARN_UNINITIALIZED_AUTOS = YES_AGGRESSIVE;
				GCC_WARN_UNUSED_FUNCTION = YES;
				GCC_WARN_UNUSED_VARIABLE = YES;
				IPHONEOS_DEPLOYMENT_TARGET = 9.2;
				MTL_ENABLE_DEBUG_INFO = YES;
				ONLY_ACTIVE_ARCH = YES;
				SDKROOT = iphoneos;
				SWIFT_ACTIVE_COMPILATION_CONDITIONS = DEBUG;
				SWIFT_OPTIMIZATION_LEVEL = "-Onone";
				TARGETED_DEVICE_FAMILY = "1,2";
			};
			name = Debug;
		};
		60BDE3501D95918600006DEF /* Release */ = {
			isa = XCBuildConfiguration;
			buildSettings = {
				ALWAYS_SEARCH_USER_PATHS = NO;
				CLANG_ANALYZER_NONNULL = YES;
				CLANG_CXX_LANGUAGE_STANDARD = "gnu++0x";
				CLANG_CXX_LIBRARY = "libc++";
				CLANG_ENABLE_MODULES = YES;
				CLANG_ENABLE_OBJC_ARC = YES;
				CLANG_WARN_BOOL_CONVERSION = YES;
				CLANG_WARN_CONSTANT_CONVERSION = YES;
				CLANG_WARN_DIRECT_OBJC_ISA_USAGE = YES_ERROR;
				CLANG_WARN_DOCUMENTATION_COMMENTS = YES;
				CLANG_WARN_EMPTY_BODY = YES;
				CLANG_WARN_ENUM_CONVERSION = YES;
				CLANG_WARN_INFINITE_RECURSION = YES;
				CLANG_WARN_INT_CONVERSION = YES;
				CLANG_WARN_OBJC_ROOT_CLASS = YES_ERROR;
				CLANG_WARN_SUSPICIOUS_MOVES = YES;
				CLANG_WARN_UNREACHABLE_CODE = YES;
				CLANG_WARN__DUPLICATE_METHOD_MATCH = YES;
				"CODE_SIGN_IDENTITY[sdk=iphoneos*]" = "iPhone Developer";
				COPY_PHASE_STRIP = NO;
				DEBUG_INFORMATION_FORMAT = "dwarf-with-dsym";
				ENABLE_NS_ASSERTIONS = NO;
				ENABLE_STRICT_OBJC_MSGSEND = YES;
				GCC_C_LANGUAGE_STANDARD = gnu99;
				GCC_NO_COMMON_BLOCKS = YES;
				GCC_WARN_64_TO_32_BIT_CONVERSION = YES;
				GCC_WARN_ABOUT_RETURN_TYPE = YES_ERROR;
				GCC_WARN_UNDECLARED_SELECTOR = YES;
				GCC_WARN_UNINITIALIZED_AUTOS = YES_AGGRESSIVE;
				GCC_WARN_UNUSED_FUNCTION = YES;
				GCC_WARN_UNUSED_VARIABLE = YES;
				IPHONEOS_DEPLOYMENT_TARGET = 9.2;
				MTL_ENABLE_DEBUG_INFO = NO;
				SDKROOT = iphoneos;
				SWIFT_OPTIMIZATION_LEVEL = "-Owholemodule";
				TARGETED_DEVICE_FAMILY = "1,2";
				VALIDATE_PRODUCT = YES;
			};
			name = Release;
		};
		60BDE3521D95918600006DEF /* Debug */ = {
			isa = XCBuildConfiguration;
			buildSettings = {
				ASSETCATALOG_COMPILER_APPICON_NAME = "AppIcon-1";
				INFOPLIST_FILE = TipCalculator23/Info.plist;
				LD_RUNPATH_SEARCH_PATHS = "$(inherited) @executable_path/Frameworks";
				PRODUCT_BUNDLE_IDENTIFIER = codepath.prework.TipCalculator23;
				PRODUCT_NAME = "$(TARGET_NAME)";
				SWIFT_VERSION = 2.3;
			};
			name = Debug;
		};
		60BDE3531D95918600006DEF /* Release */ = {
			isa = XCBuildConfiguration;
			buildSettings = {
				ASSETCATALOG_COMPILER_APPICON_NAME = "AppIcon-1";
				INFOPLIST_FILE = TipCalculator23/Info.plist;
				LD_RUNPATH_SEARCH_PATHS = "$(inherited) @executable_path/Frameworks";
				PRODUCT_BUNDLE_IDENTIFIER = codepath.prework.TipCalculator23;
				PRODUCT_NAME = "$(TARGET_NAME)";
				SWIFT_VERSION = 2.3;
			};
			name = Release;
		};
/* End XCBuildConfiguration section */

/* Begin XCConfigurationList section */
		60BDE33A1D95918600006DEF /* Build configuration list for PBXProject "TipCalculator23" */ = {
			isa = XCConfigurationList;
			buildConfigurations = (
				60BDE34F1D95918600006DEF /* Debug */,
				60BDE3501D95918600006DEF /* Release */,
			);
			defaultConfigurationIsVisible = 0;
			defaultConfigurationName = Release;
		};
		60BDE3511D95918600006DEF /* Build configuration list for PBXNativeTarget "TipCalculator23" */ = {
			isa = XCConfigurationList;
			buildConfigurations = (
				60BDE3521D95918600006DEF /* Debug */,
				60BDE3531D95918600006DEF /* Release */,
			);
			defaultConfigurationIsVisible = 0;
			defaultConfigurationName = Release;
		};
/* End XCConfigurationList section */
	};
	rootObject = 60BDE3371D95918600006DEF /* Project object */;
}
